
Microsoft Visual Studio Solution File, Format Version 12.00
# Visual Studio Version 16
VisualStudioVersion = 16.0.31205.134
MinimumVisualStudioVersion = 10.0.40219.1
Project("{8BC9CEB8-8B4A-11D0-8D11-00A0C91BC942}") = "mft", "mft.vcxproj", "{BC3D26D5-99CD-401D-836D-26103E963C58}"
EndProject
Global
	GlobalSection(SolutionConfigurationPlatforms) = preSolution
		Debug|x64 = Debug|x64
		Debug|x86 = Debug|x86
		Release|x64 = Release|x64
		Release|x86 = Release|x86
	EndGlobalSection
	GlobalSection(ProjectConfigurationPlatforms) = postSolution
		{BC3D26D5-99CD-401D-836D-26103E963C58}.Debug|x64.ActiveCfg = Debug|x64
		{BC3D26D5-99CD-401D-836D-26103E963C58}.Debug|x64.Build.0 = Debug|x64
		{BC3D26D5-99CD-401D-836D-26103E963C58}.Debug|x86.ActiveCfg = Debug|Win32
		{BC3D26D5-99CD-401D-836D-26103E963C58}.Debug|x86.Build.0 = Debug|Win32
		{BC3D26D5-99CD-401D-836D-26103E963C58}.Release|x64.ActiveCfg = Release|x64
		{BC3D26D5-99CD-401D-836D-26103E963C58}.Release|x64.Build.0 = Release|x64
		{BC3D26D5-99CD-401D-836D-26103E963C58}.Release|x86.ActiveCfg = Release|Win32
		{BC3D26D5-99CD-401D-836D-26103E963C58}.Release|x86.Build.0 = Release|Win32
	EndGlobalSection
	GlobalSection(SolutionProperties) = preSolution
		HideSolutionNode = FALSE
	EndGlobalSection
	GlobalSection(ExtensibilityGlobals) = postSolution
		SolutionGuid = {E14E725E-05BF-4252-908F-65A5FBFF713B}
	EndGlobalSection
EndGlobal
